
Microsoft Visual Studio Solution File, Format Version 12.00
# Visual Studio Version 16
VisualStudioVersion = 16.0.29020.237
MinimumVisualStudioVersion = 10.0.40219.1
Project("{9A19103F-16F7-4668-BE54-9A1E7A4F7556}") = "DecisionTree.CMS.Domain", "src\DecisionTree.CMS.Domain\DecisionTree.CMS.Domain.csproj", "{554AD327-6DBA-4F8F-96F8-81CE7A0C863F}"
EndProject
Project("{9A19103F-16F7-4668-BE54-9A1E7A4F7556}") = "PageService.TestBase", "modules\PageService\test\PageService.TestBase\PageService.TestBase.csproj", "{864e1b39-12aa-4971-b7b6-60fb7a7a9e56}"
EndProject
Project("{9A19103F-16F7-4668-BE54-9A1E7A4F7556}") = "PageService.HttpApi.Client.ConsoleTestApp", "modules\PageService\test\PageService.HttpApi.Client.ConsoleTestApp\PageService.HttpApi.Client.ConsoleTestApp.csproj", "{0bd51ca2-008c-4cbb-b57f-4f4322489d8f}"
EndProject
Project("{9A19103F-16F7-4668-BE54-9A1E7A4F7556}") = "PageService.EntityFrameworkCore.Tests", "modules\PageService\test\PageService.EntityFrameworkCore.Tests\PageService.EntityFrameworkCore.Tests.csproj", "{31ed1117-e47f-49a8-a5c7-b170485e2e35}"
EndProject
Project("{9A19103F-16F7-4668-BE54-9A1E7A4F7556}") = "PageService.Domain.Tests", "modules\PageService\test\PageService.Domain.Tests\PageService.Domain.Tests.csproj", "{ee1204fa-0563-44a1-bec0-cbf357e501d4}"
EndProject
Project("{9A19103F-16F7-4668-BE54-9A1E7A4F7556}") = "PageService.Application.Tests", "modules\PageService\test\PageService.Application.Tests\PageService.Application.Tests.csproj", "{73ad81c5-6caa-4b31-8b5b-b4af79780afe}"
EndProject
Project("{9A19103F-16F7-4668-BE54-9A1E7A4F7556}") = "PageService.Installer", "modules\PageService\src\PageService.Installer\PageService.Installer.csproj", "{f970d232-fefd-4091-b561-33864744c528}"
EndProject
Project("{9A19103F-16F7-4668-BE54-9A1E7A4F7556}") = "PageService.HttpApi.Client", "modules\PageService\src\PageService.HttpApi.Client\PageService.HttpApi.Client.csproj", "{778f798b-d636-4cc4-a5f0-8bbc841922b3}"
EndProject
Project("{9A19103F-16F7-4668-BE54-9A1E7A4F7556}") = "PageService.HttpApi", "modules\PageService\src\PageService.HttpApi\PageService.HttpApi.csproj", "{b95de384-a641-4002-8e23-8f09d8cdc56b}"
EndProject
Project("{9A19103F-16F7-4668-BE54-9A1E7A4F7556}") = "PageService.EntityFrameworkCore", "modules\PageService\src\PageService.EntityFrameworkCore\PageService.EntityFrameworkCore.csproj", "{49078b83-3780-44b6-92d8-ae6a870d998f}"
EndProject
Project("{9A19103F-16F7-4668-BE54-9A1E7A4F7556}") = "PageService.Domain.Shared", "modules\PageService\src\PageService.Domain.Shared\PageService.Domain.Shared.csproj", "{c1cf4661-d6d0-462f-9af9-f1e3cff145b6}"
EndProject
Project("{9A19103F-16F7-4668-BE54-9A1E7A4F7556}") = "PageService.Domain", "modules\PageService\src\PageService.Domain\PageService.Domain.csproj", "{ceb71bd1-bffe-49f3-a0d6-cae8ea58f01e}"
EndProject
Project("{9A19103F-16F7-4668-BE54-9A1E7A4F7556}") = "PageService.Application.Contracts", "modules\PageService\src\PageService.Application.Contracts\PageService.Application.Contracts.csproj", "{b3ddcea5-68bd-40a3-8acb-f134d9357dfa}"
EndProject
Project("{9A19103F-16F7-4668-BE54-9A1E7A4F7556}") = "PageService.Application", "modules\PageService\src\PageService.Application\PageService.Application.csproj", "{47c02a3a-8c3e-4ba6-a1d4-d886441e9ad2}"
EndProject
Project("{2150E333-8FDC-42A3-9474-1A3956D46DE8}") = "PageService.Tests", "PageService.Tests", "{ecda1a2c-34eb-49f8-9131-594ce86f0f38}"
EndProject
Project("{2150E333-8FDC-42A3-9474-1A3956D46DE8}") = "PageService", "PageService", "{ed8ce80a-568a-480f-8607-702ece2c1091}"
EndProject
Project("{2150E333-8FDC-42A3-9474-1A3956D46DE8}") = "modules", "modules", "{5ee2d374-479e-4fe2-b303-59fef41d5028}"
EndProject
Project("{9A19103F-16F7-4668-BE54-9A1E7A4F7556}") = "DecisionTree.CMS.Application", "src\DecisionTree.CMS.Application\DecisionTree.CMS.Application.csproj", "{1A94A50E-06DC-43C1-80B5-B662820EC3EB}"
EndProject
Project("{9A19103F-16F7-4668-BE54-9A1E7A4F7556}") = "DecisionTree.CMS.EntityFrameworkCore", "src\DecisionTree.CMS.EntityFrameworkCore\DecisionTree.CMS.EntityFrameworkCore.csproj", "{C956DD76-69C8-4A9C-83EA-D17DF83340FD}"
EndProject
Project("{2150E333-8FDC-42A3-9474-1A3956D46DE8}") = "src", "src", "{CA9AC87F-097E-4F15-8393-4BC07735A5B0}"
EndProject
Project("{2150E333-8FDC-42A3-9474-1A3956D46DE8}") = "test", "test", "{04DBDB01-70F4-4E06-B468-8F87850B22BE}"
EndProject
Project("{9A19103F-16F7-4668-BE54-9A1E7A4F7556}") = "DecisionTree.CMS.Application.Tests", "test\DecisionTree.CMS.Application.Tests\DecisionTree.CMS.Application.Tests.csproj", "{50B2631D-129C-47B3-A587-029CCD6099BC}"
EndProject
Project("{9A19103F-16F7-4668-BE54-9A1E7A4F7556}") = "DecisionTree.CMS.Domain.Shared", "src\DecisionTree.CMS.Domain.Shared\DecisionTree.CMS.Domain.Shared.csproj", "{42F719ED-8413-4895-B5B4-5AB56079BC66}"
EndProject
Project("{9A19103F-16F7-4668-BE54-9A1E7A4F7556}") = "DecisionTree.CMS.Application.Contracts", "src\DecisionTree.CMS.Application.Contracts\DecisionTree.CMS.Application.Contracts.csproj", "{520659C8-C734-4298-A3DA-B539DB9DFC0B}"
EndProject
Project("{9A19103F-16F7-4668-BE54-9A1E7A4F7556}") = "DecisionTree.CMS.HttpApi", "src\DecisionTree.CMS.HttpApi\DecisionTree.CMS.HttpApi.csproj", "{4164BDF7-F527-4E85-9CE6-E3C2D7426A27}"
EndProject
Project("{9A19103F-16F7-4668-BE54-9A1E7A4F7556}") = "DecisionTree.CMS.HttpApi.Client", "src\DecisionTree.CMS.HttpApi.Client\DecisionTree.CMS.HttpApi.Client.csproj", "{3B5A0094-670D-4BB1-BFDD-61B88A8773DC}"
EndProject
Project("{9A19103F-16F7-4668-BE54-9A1E7A4F7556}") = "DecisionTree.CMS.EntityFrameworkCore.Tests", "test\DecisionTree.CMS.EntityFrameworkCore.Tests\DecisionTree.CMS.EntityFrameworkCore.Tests.csproj", "{1FE30EB9-74A9-47F5-A9F6-7B1FAB672D81}"
EndProject
Project("{9A19103F-16F7-4668-BE54-9A1E7A4F7556}") = "DecisionTree.CMS.TestBase", "test\DecisionTree.CMS.TestBase\DecisionTree.CMS.TestBase.csproj", "{91853F21-9CD9-4132-BC29-A7D5D84FFFE7}"
EndProject
Project("{9A19103F-16F7-4668-BE54-9A1E7A4F7556}") = "DecisionTree.CMS.Domain.Tests", "test\DecisionTree.CMS.Domain.Tests\DecisionTree.CMS.Domain.Tests.csproj", "{E512F4D9-9375-480F-A2F6-A46509F9D824}"
EndProject
Project("{9A19103F-16F7-4668-BE54-9A1E7A4F7556}") = "DecisionTree.CMS.HttpApi.Client.ConsoleTestApp", "test\DecisionTree.CMS.HttpApi.Client.ConsoleTestApp\DecisionTree.CMS.HttpApi.Client.ConsoleTestApp.csproj", "{EF480016-9127-4916-8735-D2466BDBC582}"
EndProject
Project("{9A19103F-16F7-4668-BE54-9A1E7A4F7556}") = "DecisionTree.CMS.DbMigrator", "src\DecisionTree.CMS.DbMigrator\DecisionTree.CMS.DbMigrator.csproj", "{AA94D832-1CCC-4715-95A9-A483F23A1A5D}"
EndProject
Project("{9A19103F-16F7-4668-BE54-9A1E7A4F7556}") = "DecisionTree.CMS.HttpApi.Host", "src\DecisionTree.CMS.HttpApi.Host\DecisionTree.CMS.HttpApi.Host.csproj", "{748584B1-BA69-4F6A-81AA-F4BDE6BCE29D}"
EndProject
Global
	GlobalSection(SolutionConfigurationPlatforms) = preSolution
		Debug|Any CPU = Debug|Any CPU
		Release|Any CPU = Release|Any CPU
	EndGlobalSection
	GlobalSection(ProjectConfigurationPlatforms) = postSolution
		{864e1b39-12aa-4971-b7b6-60fb7a7a9e56}.Debug|Any CPU.ActiveCfg = Debug|Any CPU
		{864e1b39-12aa-4971-b7b6-60fb7a7a9e56}.Debug|Any CPU.Build.0 = Debug|Any CPU
		{864e1b39-12aa-4971-b7b6-60fb7a7a9e56}.Release|Any CPU.ActiveCfg = Release|Any CPU
		{864e1b39-12aa-4971-b7b6-60fb7a7a9e56}.Release|Any CPU.Build.0 = Release|Any CPU
		{0bd51ca2-008c-4cbb-b57f-4f4322489d8f}.Debug|Any CPU.ActiveCfg = Debug|Any CPU
		{0bd51ca2-008c-4cbb-b57f-4f4322489d8f}.Debug|Any CPU.Build.0 = Debug|Any CPU
		{0bd51ca2-008c-4cbb-b57f-4f4322489d8f}.Release|Any CPU.ActiveCfg = Release|Any CPU
		{0bd51ca2-008c-4cbb-b57f-4f4322489d8f}.Release|Any CPU.Build.0 = Release|Any CPU
		{31ed1117-e47f-49a8-a5c7-b170485e2e35}.Debug|Any CPU.ActiveCfg = Debug|Any CPU
		{31ed1117-e47f-49a8-a5c7-b170485e2e35}.Debug|Any CPU.Build.0 = Debug|Any CPU
		{31ed1117-e47f-49a8-a5c7-b170485e2e35}.Release|Any CPU.ActiveCfg = Release|Any CPU
		{31ed1117-e47f-49a8-a5c7-b170485e2e35}.Release|Any CPU.Build.0 = Release|Any CPU
		{ee1204fa-0563-44a1-bec0-cbf357e501d4}.Debug|Any CPU.ActiveCfg = Debug|Any CPU
		{ee1204fa-0563-44a1-bec0-cbf357e501d4}.Debug|Any CPU.Build.0 = Debug|Any CPU
		{ee1204fa-0563-44a1-bec0-cbf357e501d4}.Release|Any CPU.ActiveCfg = Release|Any CPU
		{ee1204fa-0563-44a1-bec0-cbf357e501d4}.Release|Any CPU.Build.0 = Release|Any CPU
		{73ad81c5-6caa-4b31-8b5b-b4af79780afe}.Debug|Any CPU.ActiveCfg = Debug|Any CPU
		{73ad81c5-6caa-4b31-8b5b-b4af79780afe}.Debug|Any CPU.Build.0 = Debug|Any CPU
		{73ad81c5-6caa-4b31-8b5b-b4af79780afe}.Release|Any CPU.ActiveCfg = Release|Any CPU
		{73ad81c5-6caa-4b31-8b5b-b4af79780afe}.Release|Any CPU.Build.0 = Release|Any CPU
		{f970d232-fefd-4091-b561-33864744c528}.Debug|Any CPU.ActiveCfg = Debug|Any CPU
		{f970d232-fefd-4091-b561-33864744c528}.Debug|Any CPU.Build.0 = Debug|Any CPU
		{f970d232-fefd-4091-b561-33864744c528}.Release|Any CPU.ActiveCfg = Release|Any CPU
		{f970d232-fefd-4091-b561-33864744c528}.Release|Any CPU.Build.0 = Release|Any CPU
		{778f798b-d636-4cc4-a5f0-8bbc841922b3}.Debug|Any CPU.ActiveCfg = Debug|Any CPU
		{778f798b-d636-4cc4-a5f0-8bbc841922b3}.Debug|Any CPU.Build.0 = Debug|Any CPU
		{778f798b-d636-4cc4-a5f0-8bbc841922b3}.Release|Any CPU.ActiveCfg = Release|Any CPU
		{778f798b-d636-4cc4-a5f0-8bbc841922b3}.Release|Any CPU.Build.0 = Release|Any CPU
		{b95de384-a641-4002-8e23-8f09d8cdc56b}.Debug|Any CPU.ActiveCfg = Debug|Any CPU
		{b95de384-a641-4002-8e23-8f09d8cdc56b}.Debug|Any CPU.Build.0 = Debug|Any CPU
		{b95de384-a641-4002-8e23-8f09d8cdc56b}.Release|Any CPU.ActiveCfg = Release|Any CPU
		{b95de384-a641-4002-8e23-8f09d8cdc56b}.Release|Any CPU.Build.0 = Release|Any CPU
		{49078b83-3780-44b6-92d8-ae6a870d998f}.Debug|Any CPU.ActiveCfg = Debug|Any CPU
		{49078b83-3780-44b6-92d8-ae6a870d998f}.Debug|Any CPU.Build.0 = Debug|Any CPU
		{49078b83-3780-44b6-92d8-ae6a870d998f}.Release|Any CPU.ActiveCfg = Release|Any CPU
		{49078b83-3780-44b6-92d8-ae6a870d998f}.Release|Any CPU.Build.0 = Release|Any CPU
		{c1cf4661-d6d0-462f-9af9-f1e3cff145b6}.Debug|Any CPU.ActiveCfg = Debug|Any CPU
		{c1cf4661-d6d0-462f-9af9-f1e3cff145b6}.Debug|Any CPU.Build.0 = Debug|Any CPU
		{c1cf4661-d6d0-462f-9af9-f1e3cff145b6}.Release|Any CPU.ActiveCfg = Release|Any CPU
		{c1cf4661-d6d0-462f-9af9-f1e3cff145b6}.Release|Any CPU.Build.0 = Release|Any CPU
		{ceb71bd1-bffe-49f3-a0d6-cae8ea58f01e}.Debug|Any CPU.ActiveCfg = Debug|Any CPU
		{ceb71bd1-bffe-49f3-a0d6-cae8ea58f01e}.Debug|Any CPU.Build.0 = Debug|Any CPU
		{ceb71bd1-bffe-49f3-a0d6-cae8ea58f01e}.Release|Any CPU.ActiveCfg = Release|Any CPU
		{ceb71bd1-bffe-49f3-a0d6-cae8ea58f01e}.Release|Any CPU.Build.0 = Release|Any CPU
		{b3ddcea5-68bd-40a3-8acb-f134d9357dfa}.Debug|Any CPU.ActiveCfg = Debug|Any CPU
		{b3ddcea5-68bd-40a3-8acb-f134d9357dfa}.Debug|Any CPU.Build.0 = Debug|Any CPU
		{b3ddcea5-68bd-40a3-8acb-f134d9357dfa}.Release|Any CPU.ActiveCfg = Release|Any CPU
		{b3ddcea5-68bd-40a3-8acb-f134d9357dfa}.Release|Any CPU.Build.0 = Release|Any CPU
		{47c02a3a-8c3e-4ba6-a1d4-d886441e9ad2}.Debug|Any CPU.ActiveCfg = Debug|Any CPU
		{47c02a3a-8c3e-4ba6-a1d4-d886441e9ad2}.Debug|Any CPU.Build.0 = Debug|Any CPU
		{47c02a3a-8c3e-4ba6-a1d4-d886441e9ad2}.Release|Any CPU.ActiveCfg = Release|Any CPU
		{47c02a3a-8c3e-4ba6-a1d4-d886441e9ad2}.Release|Any CPU.Build.0 = Release|Any CPU
		{554AD327-6DBA-4F8F-96F8-81CE7A0C863F}.Debug|Any CPU.ActiveCfg = Debug|Any CPU
		{554AD327-6DBA-4F8F-96F8-81CE7A0C863F}.Debug|Any CPU.Build.0 = Debug|Any CPU
		{554AD327-6DBA-4F8F-96F8-81CE7A0C863F}.Release|Any CPU.ActiveCfg = Release|Any CPU
		{554AD327-6DBA-4F8F-96F8-81CE7A0C863F}.Release|Any CPU.Build.0 = Release|Any CPU
		{1A94A50E-06DC-43C1-80B5-B662820EC3EB}.Debug|Any CPU.ActiveCfg = Debug|Any CPU
		{1A94A50E-06DC-43C1-80B5-B662820EC3EB}.Debug|Any CPU.Build.0 = Debug|Any CPU
		{1A94A50E-06DC-43C1-80B5-B662820EC3EB}.Release|Any CPU.ActiveCfg = Release|Any CPU
		{1A94A50E-06DC-43C1-80B5-B662820EC3EB}.Release|Any CPU.Build.0 = Release|Any CPU
		{C956DD76-69C8-4A9C-83EA-D17DF83340FD}.Debug|Any CPU.ActiveCfg = Debug|Any CPU
		{C956DD76-69C8-4A9C-83EA-D17DF83340FD}.Debug|Any CPU.Build.0 = Debug|Any CPU
		{C956DD76-69C8-4A9C-83EA-D17DF83340FD}.Release|Any CPU.ActiveCfg = Release|Any CPU
		{C956DD76-69C8-4A9C-83EA-D17DF83340FD}.Release|Any CPU.Build.0 = Release|Any CPU
		{50B2631D-129C-47B3-A587-029CCD6099BC}.Debug|Any CPU.ActiveCfg = Debug|Any CPU
		{50B2631D-129C-47B3-A587-029CCD6099BC}.Debug|Any CPU.Build.0 = Debug|Any CPU
		{50B2631D-129C-47B3-A587-029CCD6099BC}.Release|Any CPU.ActiveCfg = Release|Any CPU
		{50B2631D-129C-47B3-A587-029CCD6099BC}.Release|Any CPU.Build.0 = Release|Any CPU
		{42F719ED-8413-4895-B5B4-5AB56079BC66}.Debug|Any CPU.ActiveCfg = Debug|Any CPU
		{42F719ED-8413-4895-B5B4-5AB56079BC66}.Debug|Any CPU.Build.0 = Debug|Any CPU
		{42F719ED-8413-4895-B5B4-5AB56079BC66}.Release|Any CPU.ActiveCfg = Release|Any CPU
		{42F719ED-8413-4895-B5B4-5AB56079BC66}.Release|Any CPU.Build.0 = Release|Any CPU
		{520659C8-C734-4298-A3DA-B539DB9DFC0B}.Debug|Any CPU.ActiveCfg = Debug|Any CPU
		{520659C8-C734-4298-A3DA-B539DB9DFC0B}.Debug|Any CPU.Build.0 = Debug|Any CPU
		{520659C8-C734-4298-A3DA-B539DB9DFC0B}.Release|Any CPU.ActiveCfg = Release|Any CPU
		{520659C8-C734-4298-A3DA-B539DB9DFC0B}.Release|Any CPU.Build.0 = Release|Any CPU
		{4164BDF7-F527-4E85-9CE6-E3C2D7426A27}.Debug|Any CPU.ActiveCfg = Debug|Any CPU
		{4164BDF7-F527-4E85-9CE6-E3C2D7426A27}.Debug|Any CPU.Build.0 = Debug|Any CPU
		{4164BDF7-F527-4E85-9CE6-E3C2D7426A27}.Release|Any CPU.ActiveCfg = Release|Any CPU
		{4164BDF7-F527-4E85-9CE6-E3C2D7426A27}.Release|Any CPU.Build.0 = Release|Any CPU
		{3B5A0094-670D-4BB1-BFDD-61B88A8773DC}.Debug|Any CPU.ActiveCfg = Debug|Any CPU
		{3B5A0094-670D-4BB1-BFDD-61B88A8773DC}.Debug|Any CPU.Build.0 = Debug|Any CPU
		{3B5A0094-670D-4BB1-BFDD-61B88A8773DC}.Release|Any CPU.ActiveCfg = Release|Any CPU
		{3B5A0094-670D-4BB1-BFDD-61B88A8773DC}.Release|Any CPU.Build.0 = Release|Any CPU
		{1FE30EB9-74A9-47F5-A9F6-7B1FAB672D81}.Debug|Any CPU.ActiveCfg = Debug|Any CPU
		{1FE30EB9-74A9-47F5-A9F6-7B1FAB672D81}.Debug|Any CPU.Build.0 = Debug|Any CPU
		{1FE30EB9-74A9-47F5-A9F6-7B1FAB672D81}.Release|Any CPU.ActiveCfg = Release|Any CPU
		{1FE30EB9-74A9-47F5-A9F6-7B1FAB672D81}.Release|Any CPU.Build.0 = Release|Any CPU
		{91853F21-9CD9-4132-BC29-A7D5D84FFFE7}.Debug|Any CPU.ActiveCfg = Debug|Any CPU
		{91853F21-9CD9-4132-BC29-A7D5D84FFFE7}.Debug|Any CPU.Build.0 = Debug|Any CPU
		{91853F21-9CD9-4132-BC29-A7D5D84FFFE7}.Release|Any CPU.ActiveCfg = Release|Any CPU
		{91853F21-9CD9-4132-BC29-A7D5D84FFFE7}.Release|Any CPU.Build.0 = Release|Any CPU
		{E512F4D9-9375-480F-A2F6-A46509F9D824}.Debug|Any CPU.ActiveCfg = Debug|Any CPU
		{E512F4D9-9375-480F-A2F6-A46509F9D824}.Debug|Any CPU.Build.0 = Debug|Any CPU
		{E512F4D9-9375-480F-A2F6-A46509F9D824}.Release|Any CPU.ActiveCfg = Release|Any CPU
		{E512F4D9-9375-480F-A2F6-A46509F9D824}.Release|Any CPU.Build.0 = Release|Any CPU
		{EF480016-9127-4916-8735-D2466BDBC582}.Debug|Any CPU.ActiveCfg = Debug|Any CPU
		{EF480016-9127-4916-8735-D2466BDBC582}.Debug|Any CPU.Build.0 = Debug|Any CPU
		{EF480016-9127-4916-8735-D2466BDBC582}.Release|Any CPU.ActiveCfg = Release|Any CPU
		{EF480016-9127-4916-8735-D2466BDBC582}.Release|Any CPU.Build.0 = Release|Any CPU
		{AA94D832-1CCC-4715-95A9-A483F23A1A5D}.Debug|Any CPU.ActiveCfg = Debug|Any CPU
		{AA94D832-1CCC-4715-95A9-A483F23A1A5D}.Debug|Any CPU.Build.0 = Debug|Any CPU
		{AA94D832-1CCC-4715-95A9-A483F23A1A5D}.Release|Any CPU.ActiveCfg = Release|Any CPU
		{AA94D832-1CCC-4715-95A9-A483F23A1A5D}.Release|Any CPU.Build.0 = Release|Any CPU
		{748584B1-BA69-4F6A-81AA-F4BDE6BCE29D}.Debug|Any CPU.ActiveCfg = Debug|Any CPU
		{748584B1-BA69-4F6A-81AA-F4BDE6BCE29D}.Debug|Any CPU.Build.0 = Debug|Any CPU
		{748584B1-BA69-4F6A-81AA-F4BDE6BCE29D}.Release|Any CPU.ActiveCfg = Release|Any CPU
		{748584B1-BA69-4F6A-81AA-F4BDE6BCE29D}.Release|Any CPU.Build.0 = Release|Any CPU
	EndGlobalSection
	GlobalSection(SolutionProperties) = preSolution
		HideSolutionNode = FALSE
	EndGlobalSection
	GlobalSection(NestedProjects) = preSolution
		{864e1b39-12aa-4971-b7b6-60fb7a7a9e56} = {ecda1a2c-34eb-49f8-9131-594ce86f0f38}
		{0bd51ca2-008c-4cbb-b57f-4f4322489d8f} = {ecda1a2c-34eb-49f8-9131-594ce86f0f38}
		{31ed1117-e47f-49a8-a5c7-b170485e2e35} = {ecda1a2c-34eb-49f8-9131-594ce86f0f38}
		{ee1204fa-0563-44a1-bec0-cbf357e501d4} = {ecda1a2c-34eb-49f8-9131-594ce86f0f38}
		{73ad81c5-6caa-4b31-8b5b-b4af79780afe} = {ecda1a2c-34eb-49f8-9131-594ce86f0f38}
		{f970d232-fefd-4091-b561-33864744c528} = {ed8ce80a-568a-480f-8607-702ece2c1091}
		{778f798b-d636-4cc4-a5f0-8bbc841922b3} = {ed8ce80a-568a-480f-8607-702ece2c1091}
		{b95de384-a641-4002-8e23-8f09d8cdc56b} = {ed8ce80a-568a-480f-8607-702ece2c1091}
		{49078b83-3780-44b6-92d8-ae6a870d998f} = {ed8ce80a-568a-480f-8607-702ece2c1091}
		{c1cf4661-d6d0-462f-9af9-f1e3cff145b6} = {ed8ce80a-568a-480f-8607-702ece2c1091}
		{ceb71bd1-bffe-49f3-a0d6-cae8ea58f01e} = {ed8ce80a-568a-480f-8607-702ece2c1091}
		{b3ddcea5-68bd-40a3-8acb-f134d9357dfa} = {ed8ce80a-568a-480f-8607-702ece2c1091}
		{47c02a3a-8c3e-4ba6-a1d4-d886441e9ad2} = {ed8ce80a-568a-480f-8607-702ece2c1091}
		{ecda1a2c-34eb-49f8-9131-594ce86f0f38} = {04DBDB01-70F4-4E06-B468-8F87850B22BE}
		{ed8ce80a-568a-480f-8607-702ece2c1091} = {5ee2d374-479e-4fe2-b303-59fef41d5028}
		{554AD327-6DBA-4F8F-96F8-81CE7A0C863F} = {CA9AC87F-097E-4F15-8393-4BC07735A5B0}
		{1A94A50E-06DC-43C1-80B5-B662820EC3EB} = {CA9AC87F-097E-4F15-8393-4BC07735A5B0}
		{C956DD76-69C8-4A9C-83EA-D17DF83340FD} = {CA9AC87F-097E-4F15-8393-4BC07735A5B0}
		{50B2631D-129C-47B3-A587-029CCD6099BC} = {04DBDB01-70F4-4E06-B468-8F87850B22BE}
		{42F719ED-8413-4895-B5B4-5AB56079BC66} = {CA9AC87F-097E-4F15-8393-4BC07735A5B0}
		{520659C8-C734-4298-A3DA-B539DB9DFC0B} = {CA9AC87F-097E-4F15-8393-4BC07735A5B0}
		{4164BDF7-F527-4E85-9CE6-E3C2D7426A27} = {CA9AC87F-097E-4F15-8393-4BC07735A5B0}
		{3B5A0094-670D-4BB1-BFDD-61B88A8773DC} = {CA9AC87F-097E-4F15-8393-4BC07735A5B0}
		{1FE30EB9-74A9-47F5-A9F6-7B1FAB672D81} = {04DBDB01-70F4-4E06-B468-8F87850B22BE}
		{91853F21-9CD9-4132-BC29-A7D5D84FFFE7} = {04DBDB01-70F4-4E06-B468-8F87850B22BE}
		{E512F4D9-9375-480F-A2F6-A46509F9D824} = {04DBDB01-70F4-4E06-B468-8F87850B22BE}
		{EF480016-9127-4916-8735-D2466BDBC582} = {04DBDB01-70F4-4E06-B468-8F87850B22BE}
		{AA94D832-1CCC-4715-95A9-A483F23A1A5D} = {CA9AC87F-097E-4F15-8393-4BC07735A5B0}
		{748584B1-BA69-4F6A-81AA-F4BDE6BCE29D} = {CA9AC87F-097E-4F15-8393-4BC07735A5B0}
	EndGlobalSection
	GlobalSection(ExtensibilityGlobals) = postSolution
		SolutionGuid = {28315BFD-90E7-4E14-A2EA-F3D23AF4126F}
	EndGlobalSection
EndGlobal
